{
  "requires": true,
  "lockfileVersion": 1,
  "dependencies": {
    "@prisma/cli": {
      "version": "2.2.0",
      "resolved": "https://registry.npmjs.org/@prisma/cli/-/cli-2.2.0.tgz",
      "integrity": "sha512-MNb2u/EPML9LZZQSQx/+h/KNNa89UocdQmxF7+ElRi66JckTtMo2A2ZCLw1Xb+1cyYXhcJgMnZ9q2bm5rsF0WA=="
    }
  }
}
